
Microsoft Visual Studio Solution File, Format Version 12.00
# Visual Studio 15
VisualStudioVersion = 15.0.28307.1062
MinimumVisualStudioVersion = 10.0.40219.1
Project("{FAE04EC0-301F-11D3-BF4B-00C04F79EFBC}") = "01_Socket", "01_Socket\01_Socket.csproj", "{7EC57DC0-6554-4661-BD62-8AAD5BF3955D}"
EndProject
Global
	GlobalSection(SolutionConfigurationPlatforms) = preSolution
		Debug|Any CPU = Debug|Any CPU
		Release|Any CPU = Release|Any CPU
	EndGlobalSection
	GlobalSection(ProjectConfigurationPlatforms) = postSolution
		{7EC57DC0-6554-4661-BD62-8AAD5BF3955D}.Debug|Any CPU.ActiveCfg = Debug|Any CPU
		{7EC57DC0-6554-4661-BD62-8AAD5BF3955D}.Debug|Any CPU.Build.0 = Debug|Any CPU
		{7EC57DC0-6554-4661-BD62-8AAD5BF3955D}.Release|Any CPU.ActiveCfg = Release|Any CPU
		{7EC57DC0-6554-4661-BD62-8AAD5BF3955D}.Release|Any CPU.Build.0 = Release|Any CPU
	EndGlobalSection
	GlobalSection(SolutionProperties) = preSolution
		HideSolutionNode = FALSE
	EndGlobalSection
	GlobalSection(ExtensibilityGlobals) = postSolution
		SolutionGuid = {E6B1EF03-2F9B-4DE7-9D9E-FD928A0B6A40}
	EndGlobalSection
EndGlobal
